{
    "_meta": {
        "hash": {
            "sha256": "87b6ddab30e6d69d34c60fbf5b0ba64e3f5f64b83306a343241f7004e99300c9"
        },
        "pipfile-spec": 6,
        "requires": {
            "python_version": "3.8"
        },
        "sources": [
            {
                "name": "pypi",
                "url": "https://pypi.org/simple",
                "verify_ssl": true
            }
        ]
    },
    "default": {
        "django": {
            "hashes": [
                "sha256:97886b8a13bbc33bfeba2ff133035d3eca014e2309dff2b6da0bdfc0b8656613",
                "sha256:e900b73beee8977c7b887d90c6c57d68af10066b9dac898e1eaf0f82313de334"
            ],
            "index": "pypi",
            "version": "==2.0.7"
        },
        "include": {
            "hashes": [
                "sha256:37c2c6854f145bce050e75847c8da17039bdfae76d2c7e95bf531eaad2148e69",
                "sha256:58c7d81ba82b92ed432919aaa019bdde7258c569bfd85f1ea44a525576b20529"
            ],
            "index": "pypi",
            "version": "==0.2.2"
        },
        "pytz": {
            "hashes": [
                "sha256:a494d53b6d39c3c6e44c3bec237336e14305e4f29bbf800b599253057fbb79ed",
                "sha256:c35965d010ce31b23eeb663ed3cc8c906275d6be1a34393a1d73a41febf4a048"
            ],
            "version": "==2020.1"
        }
    },
    "develop": {}
}
